github.com/schmittydog/projecteuler/bitsieve v0.0.0-20211226015229-e61e3c12574d h1:08oeYaV237mo6gDA7hSm2RVD7Q9UnSvLJPd+a9aYOas=
github.com/schmittydog/projecteuler/bitsieve v0.0.0-20211226015229-e61e3c12574d/go.mod h1:0MQtG8ozBe76msGdMsihLXR1EFe/S+dN/YXGomzavTY=
github.com/schmittydog/projecteuler/bitsieve v0.0.0-20211226024034-f36eb2087b87 h1:CxQzg/xxSLb4yhXgfQNnni+AYbMGd5u+TGG+CzEdt8E=
github.com/schmittydog/projecteuler/bitsieve v0.0.0-20211226024034-f36eb2087b87/go.mod h1:0MQtG8ozBe76msGdMsihLXR1EFe/S+dN/YXGomzavTY=
github.com/schmittydog/projecteuler/peuler v0.0.0-20211226023902-9a10a9d0466e h1:hbphewjGZjNP2jv1ZmvpRBaWVxTLVtq0qjyk+E7Min8=
github.com/schmittydog/projecteuler/peuler v0.0.0-20211226023902-9a10a9d0466e/go.mod h1:WpVz2VmFK/sm6UCnYi9a7s0F9MWi47MsZ+XkOUBSsjs=
github.com/schmittydog/projecteuler/peuler v0.0.0-20211226025342-81072d66c95c h1:xSB/9HSWF9zlbD7V91Fpij17av3a/twmLdjd03v8fCU=
github.com/schmittydog/projecteuler/peuler v0.0.0-20211226025342-81072d66c95c/go.mod h1:AleMCbZ1jzJSHvCIRwZkhrMHjGEZ8JC2AVC2u/B5Fww=
