github.com/schmittydog/projecteuler/bitsieve v0.0.0-20211226024034-f36eb2087b87 h1:CxQzg/xxSLb4yhXgfQNnni+AYbMGd5u+TGG+CzEdt8E=
github.com/schmittydog/projecteuler/bitsieve v0.0.0-20211226024034-f36eb2087b87/go.mod h1:0MQtG8ozBe76msGdMsihLXR1EFe/S+dN/YXGomzavTY=
github.com/schmittydog/projecteuler/bitsieve v0.0.0-20211226030647-e8a871c4be1b h1:yVykUqUYZev3FiaPIU3yE0SbLjQbxRs5AYjiEecMoYA=
github.com/schmittydog/projecteuler/bitsieve v0.0.0-20211226030647-e8a871c4be1b/go.mod h1:0MQtG8ozBe76msGdMsihLXR1EFe/S+dN/YXGomzavTY=
github.com/schmittydog/projecteuler/peuler v0.0.0-20211226025342-81072d66c95c h1:xSB/9HSWF9zlbD7V91Fpij17av3a/twmLdjd03v8fCU=
github.com/schmittydog/projecteuler/peuler v0.0.0-20211226025342-81072d66c95c/go.mod h1:AleMCbZ1jzJSHvCIRwZkhrMHjGEZ8JC2AVC2u/B5Fww=
github.com/schmittydog/projecteuler/peuler v0.0.0-20211226032503-abf06d229457 h1:f8iaXwyXcdEoPsfANlutXPwjL4IwgM3+GcUmSZLEaIM=
github.com/schmittydog/projecteuler/peuler v0.0.0-20211226032503-abf06d229457/go.mod h1:AleMCbZ1jzJSHvCIRwZkhrMHjGEZ8JC2AVC2u/B5Fww=
